
Microsoft Visual Studio Solution File, Format Version 12.00
Project("{FAE04EC0-301F-11D3-BF4B-00C04F79EFBC}") = "VehicleApp.MvcWebUI", "VehicleApp.MvcWebUI\VehicleApp.MvcWebUI.csproj", "{80D68C16-F882-4115-B0ED-4F1CC8D1AD7A}"
EndProject
Global
	GlobalSection(SolutionConfigurationPlatforms) = preSolution
		Debug|Any CPU = Debug|Any CPU
		Release|Any CPU = Release|Any CPU
	EndGlobalSection
	GlobalSection(ProjectConfigurationPlatforms) = postSolution
		{80D68C16-F882-4115-B0ED-4F1CC8D1AD7A}.Debug|Any CPU.ActiveCfg = Debug|Any CPU
		{80D68C16-F882-4115-B0ED-4F1CC8D1AD7A}.Debug|Any CPU.Build.0 = Debug|Any CPU
		{80D68C16-F882-4115-B0ED-4F1CC8D1AD7A}.Release|Any CPU.ActiveCfg = Release|Any CPU
		{80D68C16-F882-4115-B0ED-4F1CC8D1AD7A}.Release|Any CPU.Build.0 = Release|Any CPU
	EndGlobalSection
EndGlobal
